github.com/1nterfect0r/pbw_hugo_theme v0.0.0-20250502130641-8d0127f441ba h1:W+eh8bXAHHfj/mwgkR/8NaweyY48ocGn9yKnje/bJ0M=
github.com/1nterfect0r/pbw_hugo_theme v0.0.0-20250502130641-8d0127f441ba/go.mod h1:QrLT8M4/JgO98Dh3N6a+5DwwMtxnoMrCAdxrkT/vEFU=
github.com/1nterfect0r/pbw_hugo_theme v0.0.0-20250505171237-b3e6bba20a30 h1:B48f34aAfUHcpU5+29EnD3nZfTpjOoVIHdaATleHTBI=
github.com/1nterfect0r/pbw_hugo_theme v0.0.0-20250505171237-b3e6bba20a30/go.mod h1:QrLT8M4/JgO98Dh3N6a+5DwwMtxnoMrCAdxrkT/vEFU=
github.com/1nterfect0r/pbw_hugo_theme v0.0.0-20250505173446-dc9650c62321 h1:8b0dc7lA2RA8SisB8/oHjqPvksErE7wg4a1ZLp3IsIU=
github.com/1nterfect0r/pbw_hugo_theme v0.0.0-20250505173446-dc9650c62321/go.mod h1:QrLT8M4/JgO98Dh3N6a+5DwwMtxnoMrCAdxrkT/vEFU=
github.com/1nterfect0r/pbw_hugo_theme v0.0.0-20250509140734-a5db1d485ae8 h1:fEL9dune0JT01Mtl4PFxC5C5vNC8byypc1XFy0OWwZs=
github.com/1nterfect0r/pbw_hugo_theme v0.0.0-20250509140734-a5db1d485ae8/go.mod h1:QrLT8M4/JgO98Dh3N6a+5DwwMtxnoMrCAdxrkT/vEFU=
github.com/1nterfect0r/pbw_hugo_theme v0.0.0-20250509142800-44f3b5583fb0 h1:kLYlMWcqGsawa3HmiJsAAIJodB9y3NYNZamk2vMBAyo=
github.com/1nterfect0r/pbw_hugo_theme v0.0.0-20250509142800-44f3b5583fb0/go.mod h1:QrLT8M4/JgO98Dh3N6a+5DwwMtxnoMrCAdxrkT/vEFU=
github.com/1nterfect0r/pbw_hugo_theme v0.0.0-20250509143942-827c16858056 h1:gYSd5wylIo5RiDLZYF952wTFGEDPZiHyVjpsC5ZACKU=
github.com/1nterfect0r/pbw_hugo_theme v0.0.0-20250509143942-827c16858056/go.mod h1:QrLT8M4/JgO98Dh3N6a+5DwwMtxnoMrCAdxrkT/vEFU=
